
Microsoft Visual Studio Solution File, Format Version 12.00
# Visual Studio Version 17
VisualStudioVersion = 17.5.33502.453
MinimumVisualStudioVersion = 10.0.40219.1
Project("{FAE04EC0-301F-11D3-BF4B-00C04F79EFBC}") = "TaskForDB", "TaskForDB\TaskForDB.csproj", "{EBFACF43-A172-4E1D-B7C2-7AB3D63A7F38}"
EndProject
Global
	GlobalSection(SolutionConfigurationPlatforms) = preSolution
		Debug|Any CPU = Debug|Any CPU
		Release|Any CPU = Release|Any CPU
	EndGlobalSection
	GlobalSection(ProjectConfigurationPlatforms) = postSolution
		{EBFACF43-A172-4E1D-B7C2-7AB3D63A7F38}.Debug|Any CPU.ActiveCfg = Debug|Any CPU
		{EBFACF43-A172-4E1D-B7C2-7AB3D63A7F38}.Debug|Any CPU.Build.0 = Debug|Any CPU
		{EBFACF43-A172-4E1D-B7C2-7AB3D63A7F38}.Release|Any CPU.ActiveCfg = Release|Any CPU
		{EBFACF43-A172-4E1D-B7C2-7AB3D63A7F38}.Release|Any CPU.Build.0 = Release|Any CPU
	EndGlobalSection
	GlobalSection(SolutionProperties) = preSolution
		HideSolutionNode = FALSE
	EndGlobalSection
	GlobalSection(ExtensibilityGlobals) = postSolution
		SolutionGuid = {B6209557-2396-430D-81F2-2B2F3A9ADC6B}
	EndGlobalSection
EndGlobal
